
Microsoft Visual Studio Solution File, Format Version 12.00
# Visual Studio Version 17
VisualStudioVersion = 17.9.34728.123
MinimumVisualStudioVersion = 10.0.40219.1
Project("{9A19103F-16F7-4668-BE54-9A1E7A4F7556}") = "Our.Umbraco.CookieConsent", "Our.Umbraco.CookieConsent\Our.Umbraco.CookieConsent.csproj", "{FAFEB27B-AF45-47A9-B533-4CF304D3F053}"
EndProject
Project("{9A19103F-16F7-4668-BE54-9A1E7A4F7556}") = "Our.Umbraco.CookieConsent.Test", "Our.Umbraco.CookieConsent.Test\Our.Umbraco.CookieConsent.Test.csproj", "{BA906CA6-F95C-4D01-A7A9-A4E07E60A835}"
EndProject
Project("{2150E333-8FDC-42A3-9474-1A3956D46DE8}") = "Solution Items", "Solution Items", "{8EA0C23D-9738-4DCE-886B-AC102076429D}"
	ProjectSection(SolutionItems) = preProject
		..\LICENSE = ..\LICENSE
		..\OurUmbracoCookieConsent.png = ..\OurUmbracoCookieConsent.png
		..\README.md = ..\README.md
	EndProjectSection
EndProject
Global
	GlobalSection(SolutionConfigurationPlatforms) = preSolution
		Debug|Any CPU = Debug|Any CPU
		Release|Any CPU = Release|Any CPU
	EndGlobalSection
	GlobalSection(ProjectConfigurationPlatforms) = postSolution
		{FAFEB27B-AF45-47A9-B533-4CF304D3F053}.Debug|Any CPU.ActiveCfg = Debug|Any CPU
		{FAFEB27B-AF45-47A9-B533-4CF304D3F053}.Debug|Any CPU.Build.0 = Debug|Any CPU
		{FAFEB27B-AF45-47A9-B533-4CF304D3F053}.Release|Any CPU.ActiveCfg = Release|Any CPU
		{FAFEB27B-AF45-47A9-B533-4CF304D3F053}.Release|Any CPU.Build.0 = Release|Any CPU
		{BA906CA6-F95C-4D01-A7A9-A4E07E60A835}.Debug|Any CPU.ActiveCfg = Debug|Any CPU
		{BA906CA6-F95C-4D01-A7A9-A4E07E60A835}.Debug|Any CPU.Build.0 = Debug|Any CPU
		{BA906CA6-F95C-4D01-A7A9-A4E07E60A835}.Release|Any CPU.ActiveCfg = Release|Any CPU
		{BA906CA6-F95C-4D01-A7A9-A4E07E60A835}.Release|Any CPU.Build.0 = Release|Any CPU
	EndGlobalSection
	GlobalSection(SolutionProperties) = preSolution
		HideSolutionNode = FALSE
	EndGlobalSection
	GlobalSection(ExtensibilityGlobals) = postSolution
		SolutionGuid = {5F2227FD-E0C0-410D-8C5C-73B13FAE4169}
	EndGlobalSection
EndGlobal
